
Microsoft Visual Studio Solution File, Format Version 12.00
# Visual Studio Version 17
VisualStudioVersion = 17.5.33516.290
MinimumVisualStudioVersion = 10.0.40219.1
Project("{9A19103F-16F7-4668-BE54-9A1E7A4F7556}") = "JsonSettingsManager", "JsonSettingsManager\JsonSettingsManager.csproj", "{C8AD5E55-5193-46E5-8E65-814A4ADC103A}"
EndProject
Project("{9A19103F-16F7-4668-BE54-9A1E7A4F7556}") = "JsonSettingsManager.Tests", "JsonSettingsManager.Tests\JsonSettingsManager.Tests.csproj", "{2249F1D7-4BE0-441D-9122-6657A1E8B81F}"
EndProject
Project("{9A19103F-16F7-4668-BE54-9A1E7A4F7556}") = "JsonSettingsManager.Serialization", "JsonSettingsManager.Serialization\JsonSettingsManager.Serialization.csproj", "{4B54DB44-F8DC-4F38-8583-512314A2D3DB}"
EndProject
Project("{9A19103F-16F7-4668-BE54-9A1E7A4F7556}") = "JsonSettingsManager.DocumentationLib", "JsonSettingsManager.DocumentationLib\JsonSettingsManager.DocumentationLib.csproj", "{19F131E4-7E44-426A-BEE3-561D6C1052EC}"
EndProject
Project("{9A19103F-16F7-4668-BE54-9A1E7A4F7556}") = "JsonSettingsManager.DocumentationLib.Tests", "JsonSettingsManager.DocumentationLib.Tests\JsonSettingsManager.DocumentationLib.Tests.csproj", "{67D84038-3948-4892-8E25-7A62F6667924}"
EndProject
Project("{9A19103F-16F7-4668-BE54-9A1E7A4F7556}") = "JsonSettingsManager.Templating", "JsonSettingsManager.Templating\JsonSettingsManager.Templating.csproj", "{8EC1C1AC-3CFF-4789-B8FA-C2D740CAA0A6}"
EndProject
Global
	GlobalSection(SolutionConfigurationPlatforms) = preSolution
		Debug|Any CPU = Debug|Any CPU
		Release|Any CPU = Release|Any CPU
	EndGlobalSection
	GlobalSection(ProjectConfigurationPlatforms) = postSolution
		{C8AD5E55-5193-46E5-8E65-814A4ADC103A}.Debug|Any CPU.ActiveCfg = Debug|Any CPU
		{C8AD5E55-5193-46E5-8E65-814A4ADC103A}.Debug|Any CPU.Build.0 = Debug|Any CPU
		{C8AD5E55-5193-46E5-8E65-814A4ADC103A}.Release|Any CPU.ActiveCfg = Release|Any CPU
		{C8AD5E55-5193-46E5-8E65-814A4ADC103A}.Release|Any CPU.Build.0 = Release|Any CPU
		{2249F1D7-4BE0-441D-9122-6657A1E8B81F}.Debug|Any CPU.ActiveCfg = Debug|Any CPU
		{2249F1D7-4BE0-441D-9122-6657A1E8B81F}.Debug|Any CPU.Build.0 = Debug|Any CPU
		{2249F1D7-4BE0-441D-9122-6657A1E8B81F}.Release|Any CPU.ActiveCfg = Release|Any CPU
		{2249F1D7-4BE0-441D-9122-6657A1E8B81F}.Release|Any CPU.Build.0 = Release|Any CPU
		{4B54DB44-F8DC-4F38-8583-512314A2D3DB}.Debug|Any CPU.ActiveCfg = Debug|Any CPU
		{4B54DB44-F8DC-4F38-8583-512314A2D3DB}.Debug|Any CPU.Build.0 = Debug|Any CPU
		{4B54DB44-F8DC-4F38-8583-512314A2D3DB}.Release|Any CPU.ActiveCfg = Release|Any CPU
		{4B54DB44-F8DC-4F38-8583-512314A2D3DB}.Release|Any CPU.Build.0 = Release|Any CPU
		{19F131E4-7E44-426A-BEE3-561D6C1052EC}.Debug|Any CPU.ActiveCfg = Debug|Any CPU
		{19F131E4-7E44-426A-BEE3-561D6C1052EC}.Debug|Any CPU.Build.0 = Debug|Any CPU
		{19F131E4-7E44-426A-BEE3-561D6C1052EC}.Release|Any CPU.ActiveCfg = Release|Any CPU
		{19F131E4-7E44-426A-BEE3-561D6C1052EC}.Release|Any CPU.Build.0 = Release|Any CPU
		{67D84038-3948-4892-8E25-7A62F6667924}.Debug|Any CPU.ActiveCfg = Debug|Any CPU
		{67D84038-3948-4892-8E25-7A62F6667924}.Debug|Any CPU.Build.0 = Debug|Any CPU
		{67D84038-3948-4892-8E25-7A62F6667924}.Release|Any CPU.ActiveCfg = Release|Any CPU
		{67D84038-3948-4892-8E25-7A62F6667924}.Release|Any CPU.Build.0 = Release|Any CPU
		{8EC1C1AC-3CFF-4789-B8FA-C2D740CAA0A6}.Debug|Any CPU.ActiveCfg = Debug|Any CPU
		{8EC1C1AC-3CFF-4789-B8FA-C2D740CAA0A6}.Debug|Any CPU.Build.0 = Debug|Any CPU
		{8EC1C1AC-3CFF-4789-B8FA-C2D740CAA0A6}.Release|Any CPU.ActiveCfg = Release|Any CPU
		{8EC1C1AC-3CFF-4789-B8FA-C2D740CAA0A6}.Release|Any CPU.Build.0 = Release|Any CPU
	EndGlobalSection
	GlobalSection(SolutionProperties) = preSolution
		HideSolutionNode = FALSE
	EndGlobalSection
	GlobalSection(ExtensibilityGlobals) = postSolution
		SolutionGuid = {D96586B4-30C0-4C43-A943-FB3EDBC90E75}
	EndGlobalSection
EndGlobal
